// !$*UTF8*$!
{
	archiveVersion = 1;
	classes = {
	};
	objectVersion = 46;
	objects = {

/* Begin PBXBuildFile section */
		505B92581B21714D0081196B /* ChatDemoTests.m in Sources */ = {isa = PBXBuildFile; fileRef = 505B92571B21714D0081196B /* ChatDemoTests.m */; };
		505B926F1B21739A0081196B /* AppDelegate.m in Sources */ = {isa = PBXBuildFile; fileRef = 505B92641B21739A0081196B /* AppDelegate.m */; };
		505B927C1B217C5D0081196B /* StartVC.m in Sources */ = {isa = PBXBuildFile; fileRef = 505B927B1B217C5D0081196B /* StartVC.m */; };
		505B92D61B21948C0081196B /* ChatEmojiIcons.m in Sources */ = {isa = PBXBuildFile; fileRef = 505B92B71B21948C0081196B /* ChatEmojiIcons.m */; };
		505B92D71B21948C0081196B /* CommonEmoji.m in Sources */ = {isa = PBXBuildFile; fileRef = 505B92B91B21948C0081196B /* CommonEmoji.m */; };
		505B92D81B21948C0081196B /* EmojiObj.m in Sources */ = {isa = PBXBuildFile; fileRef = 505B92BB1B21948C0081196B /* EmojiObj.m */; };
		505B92D91B21948C0081196B /* PandaEmoji.m in Sources */ = {isa = PBXBuildFile; fileRef = 505B92BD1B21948C0081196B /* PandaEmoji.m */; };
		505B92DA1B21948C0081196B /* ChatEmojiView.m in Sources */ = {isa = PBXBuildFile; fileRef = 505B92C01B21948C0081196B /* ChatEmojiView.m */; };
		505B92DB1B21948C0081196B /* EmojiButton.m in Sources */ = {isa = PBXBuildFile; fileRef = 505B92C21B21948C0081196B /* EmojiButton.m */; };
		505B92DC1B21948C0081196B /* EmojiScroll.m in Sources */ = {isa = PBXBuildFile; fileRef = 505B92C41B21948C0081196B /* EmojiScroll.m */; };
		505B92DD1B21948C0081196B /* IconButton.m in Sources */ = {isa = PBXBuildFile; fileRef = 505B92C61B21948C0081196B /* IconButton.m */; };
		505B92DF1B21948C0081196B /* ChatOtherIconsView.m in Sources */ = {isa = PBXBuildFile; fileRef = 505B92CB1B21948C0081196B /* ChatOtherIconsView.m */; };
		505B92E11B21948C0081196B /* KeyBoardAnimationV.m in Sources */ = {isa = PBXBuildFile; fileRef = 505B92CF1B21948C0081196B /* KeyBoardAnimationV.m */; };
		505B92E21B21948C0081196B /* LYKeyBoardView.m in Sources */ = {isa = PBXBuildFile; fileRef = 505B92D11B21948C0081196B /* LYKeyBoardView.m */; };
		505B92E31B21948C0081196B /* LYTextView.m in Sources */ = {isa = PBXBuildFile; fileRef = 505B92D31B21948C0081196B /* LYTextView.m */; };
		505B92EA1B2194FD0081196B /* EmoTaxtAttachment.m in Sources */ = {isa = PBXBuildFile; fileRef = 505B92E91B2194FD0081196B /* EmoTaxtAttachment.m */; };
		506AB6141B2528A300277710 /* coreDBA.m in Sources */ = {isa = PBXBuildFile; fileRef = 506AB6111B2528A300277710 /* coreDBA.m */; };
		506AB6151B2528A300277710 /* NSManagedObject+Category.m in Sources */ = {isa = PBXBuildFile; fileRef = 506AB6131B2528A300277710 /* NSManagedObject+Category.m */; };
		506AB6281B25828A00277710 /* LaunchScreen.xib in Resources */ = {isa = PBXBuildFile; fileRef = 506AB61D1B25828A00277710 /* LaunchScreen.xib */; };
		506AB6291B25828A00277710 /* Main.storyboard in Resources */ = {isa = PBXBuildFile; fileRef = 506AB61F1B25828A00277710 /* Main.storyboard */; };
		506AB62B1B25828A00277710 /* Images.xcassets in Resources */ = {isa = PBXBuildFile; fileRef = 506AB6221B25828A00277710 /* Images.xcassets */; };
		506AB62D1B25828A00277710 /* Localizable.strings in Resources */ = {isa = PBXBuildFile; fileRef = 506AB6241B25828A00277710 /* Localizable.strings */; };
		506AB62E1B25828A00277710 /* main.m in Sources */ = {isa = PBXBuildFile; fileRef = 506AB6251B25828A00277710 /* main.m */; };
		506AB6361B25870900277710 /* Message.m in Sources */ = {isa = PBXBuildFile; fileRef = 506AB6351B25870900277710 /* Message.m */; };
		506AB63B1B2587EE00277710 /* ChatDemo.xcdatamodeld in Sources */ = {isa = PBXBuildFile; fileRef = 506AB6391B2587EE00277710 /* ChatDemo.xcdatamodeld */; };
		5075CBFE1B267B9900544E41 /* UIColor+Extension.m in Sources */ = {isa = PBXBuildFile; fileRef = 5075CBFB1B267B9900544E41 /* UIColor+Extension.m */; };
		5075CBFF1B267B9900544E41 /* UIView+Extensions.m in Sources */ = {isa = PBXBuildFile; fileRef = 5075CBFD1B267B9900544E41 /* UIView+Extensions.m */; };
/* End PBXBuildFile section */

/* Begin PBXContainerItemProxy section */
		505B92521B21714D0081196B /* PBXContainerItemProxy */ = {
			isa = PBXContainerItemProxy;
			containerPortal = 505B922D1B21714D0081196B /* Project object */;
			proxyType = 1;
			remoteGlobalIDString = 505B92341B21714D0081196B;
			remoteInfo = ChatDemo;
		};
/* End PBXContainerItemProxy section */

/* Begin PBXFileReference section */
		505B92351B21714D0081196B /* ChatDemo.app */ = {isa = PBXFileReference; explicitFileType = wrapper.application; includeInIndex = 0; path = ChatDemo.app; sourceTree = BUILT_PRODUCTS_DIR; };
		505B92511B21714D0081196B /* ChatDemoTests.xctest */ = {isa = PBXFileReference; explicitFileType = wrapper.cfbundle; includeInIndex = 0; path = ChatDemoTests.xctest; sourceTree = BUILT_PRODUCTS_DIR; };
		505B92561B21714D0081196B /* Info.plist */ = {isa = PBXFileReference; lastKnownFileType = text.plist.xml; path = Info.plist; sourceTree = "<group>"; };
		505B92571B21714D0081196B /* ChatDemoTests.m */ = {isa = PBXFileReference; lastKnownFileType = sourcecode.c.objc; path = ChatDemoTests.m; sourceTree = "<group>"; };
		505B92631B21739A0081196B /* AppDelegate.h */ = {isa = PBXFileReference; fileEncoding = 4; lastKnownFileType = sourcecode.c.h; path = AppDelegate.h; sourceTree = "<group>"; };
		505B92641B21739A0081196B /* AppDelegate.m */ = {isa = PBXFileReference; fileEncoding = 4; lastKnownFileType = sourcecode.c.objc; path = AppDelegate.m; sourceTree = "<group>"; };
		505B927A1B217C5D0081196B /* StartVC.h */ = {isa = PBXFileReference; fileEncoding = 4; lastKnownFileType = sourcecode.c.h; path = StartVC.h; sourceTree = "<group>"; };
		505B927B1B217C5D0081196B /* StartVC.m */ = {isa = PBXFileReference; fileEncoding = 4; lastKnownFileType = sourcecode.c.objc; path = StartVC.m; sourceTree = "<group>"; };
		505B92B61B21948C0081196B /* ChatEmojiIcons.h */ = {isa = PBXFileReference; fileEncoding = 4; lastKnownFileType = sourcecode.c.h; path = ChatEmojiIcons.h; sourceTree = "<group>"; };
		505B92B71B21948C0081196B /* ChatEmojiIcons.m */ = {isa = PBXFileReference; fileEncoding = 4; lastKnownFileType = sourcecode.c.objc; path = ChatEmojiIcons.m; sourceTree = "<group>"; };
		505B92B81B21948C0081196B /* CommonEmoji.h */ = {isa = PBXFileReference; fileEncoding = 4; lastKnownFileType = sourcecode.c.h; path = CommonEmoji.h; sourceTree = "<group>"; };
		505B92B91B21948C0081196B /* CommonEmoji.m */ = {isa = PBXFileReference; fileEncoding = 4; lastKnownFileType = sourcecode.c.objc; path = CommonEmoji.m; sourceTree = "<group>"; };
		505B92BA1B21948C0081196B /* EmojiObj.h */ = {isa = PBXFileReference; fileEncoding = 4; lastKnownFileType = sourcecode.c.h; path = EmojiObj.h; sourceTree = "<group>"; };
		505B92BB1B21948C0081196B /* EmojiObj.m */ = {isa = PBXFileReference; fileEncoding = 4; lastKnownFileType = sourcecode.c.objc; path = EmojiObj.m; sourceTree = "<group>"; };
		505B92BC1B21948C0081196B /* PandaEmoji.h */ = {isa = PBXFileReference; fileEncoding = 4; lastKnownFileType = sourcecode.c.h; path = PandaEmoji.h; sourceTree = "<group>"; };
		505B92BD1B21948C0081196B /* PandaEmoji.m */ = {isa = PBXFileReference; fileEncoding = 4; lastKnownFileType = sourcecode.c.objc; path = PandaEmoji.m; sourceTree = "<group>"; };
		505B92BF1B21948C0081196B /* ChatEmojiView.h */ = {isa = PBXFileReference; fileEncoding = 4; lastKnownFileType = sourcecode.c.h; path = ChatEmojiView.h; sourceTree = "<group>"; };
		505B92C01B21948C0081196B /* ChatEmojiView.m */ = {isa = PBXFileReference; fileEncoding = 4; lastKnownFileType = sourcecode.c.objc; path = ChatEmojiView.m; sourceTree = "<group>"; };
		505B92C11B21948C0081196B /* EmojiButton.h */ = {isa = PBXFileReference; fileEncoding = 4; lastKnownFileType = sourcecode.c.h; path = EmojiButton.h; sourceTree = "<group>"; };
		505B92C21B21948C0081196B /* EmojiButton.m */ = {isa = PBXFileReference; fileEncoding = 4; lastKnownFileType = sourcecode.c.objc; path = EmojiButton.m; sourceTree = "<group>"; };
		505B92C31B21948C0081196B /* EmojiScroll.h */ = {isa = PBXFileReference; fileEncoding = 4; lastKnownFileType = sourcecode.c.h; path = EmojiScroll.h; sourceTree = "<group>"; };
		505B92C41B21948C0081196B /* EmojiScroll.m */ = {isa = PBXFileReference; fileEncoding = 4; lastKnownFileType = sourcecode.c.objc; path = EmojiScroll.m; sourceTree = "<group>"; };
		505B92C51B21948C0081196B /* IconButton.h */ = {isa = PBXFileReference; fileEncoding = 4; lastKnownFileType = sourcecode.c.h; path = IconButton.h; sourceTree = "<group>"; };
		505B92C61B21948C0081196B /* IconButton.m */ = {isa = PBXFileReference; fileEncoding = 4; lastKnownFileType = sourcecode.c.objc; path = IconButton.m; sourceTree = "<group>"; };
		505B92CA1B21948C0081196B /* ChatOtherIconsView.h */ = {isa = PBXFileReference; fileEncoding = 4; lastKnownFileType = sourcecode.c.h; path = ChatOtherIconsView.h; sourceTree = "<group>"; };
		505B92CB1B21948C0081196B /* ChatOtherIconsView.m */ = {isa = PBXFileReference; fileEncoding = 4; lastKnownFileType = sourcecode.c.objc; path = ChatOtherIconsView.m; sourceTree = "<group>"; };
		505B92CE1B21948C0081196B /* KeyBoardAnimationV.h */ = {isa = PBXFileReference; fileEncoding = 4; lastKnownFileType = sourcecode.c.h; path = KeyBoardAnimationV.h; sourceTree = "<group>"; };
		505B92CF1B21948C0081196B /* KeyBoardAnimationV.m */ = {isa = PBXFileReference; fileEncoding = 4; lastKnownFileType = sourcecode.c.objc; path = KeyBoardAnimationV.m; sourceTree = "<group>"; };
		505B92D01B21948C0081196B /* LYKeyBoardView.h */ = {isa = PBXFileReference; fileEncoding = 4; lastKnownFileType = sourcecode.c.h; path = LYKeyBoardView.h; sourceTree = "<group>"; };
		505B92D11B21948C0081196B /* LYKeyBoardView.m */ = {isa = PBXFileReference; fileEncoding = 4; lastKnownFileType = sourcecode.c.objc; path = LYKeyBoardView.m; sourceTree = "<group>"; };
		505B92D21B21948C0081196B /* LYTextView.h */ = {isa = PBXFileReference; fileEncoding = 4; lastKnownFileType = sourcecode.c.h; path = LYTextView.h; sourceTree = "<group>"; };
		505B92D31B21948C0081196B /* LYTextView.m */ = {isa = PBXFileReference; fileEncoding = 4; lastKnownFileType = sourcecode.c.objc; path = LYTextView.m; sourceTree = "<group>"; };
		505B92E81B2194FD0081196B /* EmoTaxtAttachment.h */ = {isa = PBXFileReference; fileEncoding = 4; lastKnownFileType = sourcecode.c.h; path = EmoTaxtAttachment.h; sourceTree = "<group>"; };
		505B92E91B2194FD0081196B /* EmoTaxtAttachment.m */ = {isa = PBXFileReference; fileEncoding = 4; lastKnownFileType = sourcecode.c.objc; path = EmoTaxtAttachment.m; sourceTree = "<group>"; };
		506AB6101B2528A300277710 /* coreDBA.h */ = {isa = PBXFileReference; fileEncoding = 4; lastKnownFileType = sourcecode.c.h; path = coreDBA.h; sourceTree = "<group>"; };
		506AB6111B2528A300277710 /* coreDBA.m */ = {isa = PBXFileReference; fileEncoding = 4; lastKnownFileType = sourcecode.c.objc; path = coreDBA.m; sourceTree = "<group>"; };
		506AB6121B2528A300277710 /* NSManagedObject+Category.h */ = {isa = PBXFileReference; fileEncoding = 4; lastKnownFileType = sourcecode.c.h; path = "NSManagedObject+Category.h"; sourceTree = "<group>"; };
		506AB6131B2528A300277710 /* NSManagedObject+Category.m */ = {isa = PBXFileReference; fileEncoding = 4; lastKnownFileType = sourcecode.c.objc; path = "NSManagedObject+Category.m"; sourceTree = "<group>"; };
		506AB6191B254ADC00277710 /* Defines.h */ = {isa = PBXFileReference; lastKnownFileType = sourcecode.c.h; path = Defines.h; sourceTree = "<group>"; };
		506AB61E1B25828A00277710 /* Base */ = {isa = PBXFileReference; lastKnownFileType = file.xib; name = Base; path = Base.lproj/LaunchScreen.xib; sourceTree = "<group>"; };
		506AB6201B25828A00277710 /* Base */ = {isa = PBXFileReference; lastKnownFileType = file.storyboard; name = Base; path = Base.lproj/Main.storyboard; sourceTree = "<group>"; };
		506AB6221B25828A00277710 /* Images.xcassets */ = {isa = PBXFileReference; lastKnownFileType = folder.assetcatalog; path = Images.xcassets; sourceTree = "<group>"; };
		506AB6231B25828A00277710 /* Info.plist */ = {isa = PBXFileReference; fileEncoding = 4; lastKnownFileType = text.plist.xml; path = Info.plist; sourceTree = "<group>"; };
		506AB6241B25828A00277710 /* Localizable.strings */ = {isa = PBXFileReference; fileEncoding = 4; lastKnownFileType = text.plist.strings; path = Localizable.strings; sourceTree = "<group>"; };
		506AB6251B25828A00277710 /* main.m */ = {isa = PBXFileReference; fileEncoding = 4; lastKnownFileType = sourcecode.c.objc; path = main.m; sourceTree = "<group>"; };
		506AB6341B25870900277710 /* Message.h */ = {isa = PBXFileReference; fileEncoding = 4; lastKnownFileType = sourcecode.c.h; path = Message.h; sourceTree = "<group>"; };
		506AB6351B25870900277710 /* Message.m */ = {isa = PBXFileReference; fileEncoding = 4; lastKnownFileType = sourcecode.c.objc; path = Message.m; sourceTree = "<group>"; };
		506AB63A1B2587EE00277710 /* ChatDemo.xcdatamodel */ = {isa = PBXFileReference; lastKnownFileType = wrapper.xcdatamodel; path = ChatDemo.xcdatamodel; sourceTree = "<group>"; };
		5075CBFA1B267B9900544E41 /* UIColor+Extension.h */ = {isa = PBXFileReference; fileEncoding = 4; lastKnownFileType = sourcecode.c.h; path = "UIColor+Extension.h"; sourceTree = "<group>"; };
		5075CBFB1B267B9900544E41 /* UIColor+Extension.m */ = {isa = PBXFileReference; fileEncoding = 4; lastKnownFileType = sourcecode.c.objc; path = "UIColor+Extension.m"; sourceTree = "<group>"; };
		5075CBFC1B267B9900544E41 /* UIView+Extensions.h */ = {isa = PBXFileReference; fileEncoding = 4; lastKnownFileType = sourcecode.c.h; path = "UIView+Extensions.h"; sourceTree = "<group>"; };
		5075CBFD1B267B9900544E41 /* UIView+Extensions.m */ = {isa = PBXFileReference; fileEncoding = 4; lastKnownFileType = sourcecode.c.objc; path = "UIView+Extensions.m"; sourceTree = "<group>"; };
/* End PBXFileReference section */

/* Begin PBXFrameworksBuildPhase section */
		505B92321B21714D0081196B /* Frameworks */ = {
			isa = PBXFrameworksBuildPhase;
			buildActionMask = 2147483647;
			files = (
			);
			runOnlyForDeploymentPostprocessing = 0;
		};
		505B924E1B21714D0081196B /* Frameworks */ = {
			isa = PBXFrameworksBuildPhase;
			buildActionMask = 2147483647;
			files = (
			);
			runOnlyForDeploymentPostprocessing = 0;
		};
/* End PBXFrameworksBuildPhase section */

/* Begin PBXGroup section */
		505B922C1B21714D0081196B = {
			isa = PBXGroup;
			children = (
				505B92371B21714D0081196B /* ChatDemo */,
				505B92541B21714D0081196B /* ChatDemoTests */,
				505B92361B21714D0081196B /* Products */,
			);
			sourceTree = "<group>";
		};
		505B92361B21714D0081196B /* Products */ = {
			isa = PBXGroup;
			children = (
				505B92351B21714D0081196B /* ChatDemo.app */,
				505B92511B21714D0081196B /* ChatDemoTests.xctest */,
			);
			name = Products;
			sourceTree = "<group>";
		};
		505B92371B21714D0081196B /* ChatDemo */ = {
			isa = PBXGroup;
			children = (
				505B92611B21739A0081196B /* Main */,
				505B92621B21739A0081196B /* Other */,
				505B92B41B21948C0081196B /* KeyBoard */,
				506AB61C1B25828A00277710 /* Resource */,
			);
			path = ChatDemo;
			sourceTree = "<group>";
		};
		505B92541B21714D0081196B /* ChatDemoTests */ = {
			isa = PBXGroup;
			children = (
				505B92571B21714D0081196B /* ChatDemoTests.m */,
				505B92551B21714D0081196B /* Supporting Files */,
			);
			path = ChatDemoTests;
			sourceTree = "<group>";
		};
		505B92551B21714D0081196B /* Supporting Files */ = {
			isa = PBXGroup;
			children = (
				505B92561B21714D0081196B /* Info.plist */,
			);
			name = "Supporting Files";
			sourceTree = "<group>";
		};
		505B92611B21739A0081196B /* Main */ = {
			isa = PBXGroup;
			children = (
				505B927A1B217C5D0081196B /* StartVC.h */,
				505B927B1B217C5D0081196B /* StartVC.m */,
			);
			path = Main;
			sourceTree = "<group>";
		};
		505B92621B21739A0081196B /* Other */ = {
			isa = PBXGroup;
			children = (
				506AB6191B254ADC00277710 /* Defines.h */,
				505B92631B21739A0081196B /* AppDelegate.h */,
				505B92641B21739A0081196B /* AppDelegate.m */,
				506AB60F1B2528A300277710 /* coreData */,
			);
			path = Other;
			sourceTree = "<group>";
		};
		505B92B41B21948C0081196B /* KeyBoard */ = {
			isa = PBXGroup;
			children = (
				505B92C91B21948C0081196B /* KeyBoard */,
				505B92B51B21948C0081196B /* EmojiIconModel */,
				505B92BE1B21948C0081196B /* EmojiViews */,
				5075CBF91B267B9900544E41 /* Class+Extension */,
			);
			path = KeyBoard;
			sourceTree = "<group>";
		};
		505B92B51B21948C0081196B /* EmojiIconModel */ = {
			isa = PBXGroup;
			children = (
				505B92E81B2194FD0081196B /* EmoTaxtAttachment.h */,
				505B92E91B2194FD0081196B /* EmoTaxtAttachment.m */,
				505B92B61B21948C0081196B /* ChatEmojiIcons.h */,
				505B92B71B21948C0081196B /* ChatEmojiIcons.m */,
				505B92BA1B21948C0081196B /* EmojiObj.h */,
				505B92BB1B21948C0081196B /* EmojiObj.m */,
				505B92B81B21948C0081196B /* CommonEmoji.h */,
				505B92B91B21948C0081196B /* CommonEmoji.m */,
				505B92BC1B21948C0081196B /* PandaEmoji.h */,
				505B92BD1B21948C0081196B /* PandaEmoji.m */,
			);
			path = EmojiIconModel;
			sourceTree = "<group>";
		};
		505B92BE1B21948C0081196B /* EmojiViews */ = {
			isa = PBXGroup;
			children = (
				505B92BF1B21948C0081196B /* ChatEmojiView.h */,
				505B92C01B21948C0081196B /* ChatEmojiView.m */,
				505B92C11B21948C0081196B /* EmojiButton.h */,
				505B92C21B21948C0081196B /* EmojiButton.m */,
				505B92C31B21948C0081196B /* EmojiScroll.h */,
				505B92C41B21948C0081196B /* EmojiScroll.m */,
				505B92C51B21948C0081196B /* IconButton.h */,
				505B92C61B21948C0081196B /* IconButton.m */,
			);
			path = EmojiViews;
			sourceTree = "<group>";
		};
		505B92C91B21948C0081196B /* KeyBoard */ = {
			isa = PBXGroup;
			children = (
				505B92D01B21948C0081196B /* LYKeyBoardView.h */,
				505B92D11B21948C0081196B /* LYKeyBoardView.m */,
				505B92CA1B21948C0081196B /* ChatOtherIconsView.h */,
				505B92CB1B21948C0081196B /* ChatOtherIconsView.m */,
				505B92CE1B21948C0081196B /* KeyBoardAnimationV.h */,
				505B92CF1B21948C0081196B /* KeyBoardAnimationV.m */,
				505B92D21B21948C0081196B /* LYTextView.h */,
				505B92D31B21948C0081196B /* LYTextView.m */,
			);
			path = KeyBoard;
			sourceTree = "<group>";
		};
		506AB60F1B2528A300277710 /* coreData */ = {
			isa = PBXGroup;
			children = (
				506AB6101B2528A300277710 /* coreDBA.h */,
				506AB6111B2528A300277710 /* coreDBA.m */,
				506AB6121B2528A300277710 /* NSManagedObject+Category.h */,
				506AB6131B2528A300277710 /* NSManagedObject+Category.m */,
			);
			path = coreData;
			sourceTree = "<group>";
		};
		506AB61C1B25828A00277710 /* Resource */ = {
			isa = PBXGroup;
			children = (
				506AB6381B2587EE00277710 /* Supporting Files */,
				506AB61D1B25828A00277710 /* LaunchScreen.xib */,
				506AB61F1B25828A00277710 /* Main.storyboard */,
				506AB6221B25828A00277710 /* Images.xcassets */,
				506AB6231B25828A00277710 /* Info.plist */,
				506AB6241B25828A00277710 /* Localizable.strings */,
				506AB6251B25828A00277710 /* main.m */,
				506AB6341B25870900277710 /* Message.h */,
				506AB6351B25870900277710 /* Message.m */,
			);
			path = Resource;
			sourceTree = "<group>";
		};
		506AB6381B2587EE00277710 /* Supporting Files */ = {
			isa = PBXGroup;
			children = (
				506AB6391B2587EE00277710 /* ChatDemo.xcdatamodeld */,
			);
			path = "Supporting Files";
			sourceTree = "<group>";
		};
		5075CBF91B267B9900544E41 /* Class+Extension */ = {
			isa = PBXGroup;
			children = (
				5075CBFA1B267B9900544E41 /* UIColor+Extension.h */,
				5075CBFB1B267B9900544E41 /* UIColor+Extension.m */,
				5075CBFC1B267B9900544E41 /* UIView+Extensions.h */,
				5075CBFD1B267B9900544E41 /* UIView+Extensions.m */,
			);
			path = "Class+Extension";
			sourceTree = "<group>";
		};
/* End PBXGroup section */

/* Begin PBXNativeTarget section */
		505B92341B21714D0081196B /* ChatDemo */ = {
			isa = PBXNativeTarget;
			buildConfigurationList = 505B925B1B21714D0081196B /* Build configuration list for PBXNativeTarget "ChatDemo" */;
			buildPhases = (
				505B92311B21714D0081196B /* Sources */,
				505B92321B21714D0081196B /* Frameworks */,
				505B92331B21714D0081196B /* Resources */,
			);
			buildRules = (
			);
			dependencies = (
			);
			name = ChatDemo;
			productName = ChatDemo;
			productReference = 505B92351B21714D0081196B /* ChatDemo.app */;
			productType = "com.apple.product-type.application";
		};
		505B92501B21714D0081196B /* ChatDemoTests */ = {
			isa = PBXNativeTarget;
			buildConfigurationList = 505B925E1B21714D0081196B /* Build configuration list for PBXNativeTarget "ChatDemoTests" */;
			buildPhases = (
				505B924D1B21714D0081196B /* Sources */,
				505B924E1B21714D0081196B /* Frameworks */,
				505B924F1B21714D0081196B /* Resources */,
			);
			buildRules = (
			);
			dependencies = (
				505B92531B21714D0081196B /* PBXTargetDependency */,
			);
			name = ChatDemoTests;
			productName = ChatDemoTests;
			productReference = 505B92511B21714D0081196B /* ChatDemoTests.xctest */;
			productType = "com.apple.product-type.bundle.unit-test";
		};
/* End PBXNativeTarget section */

/* Begin PBXProject section */
		505B922D1B21714D0081196B /* Project object */ = {
			isa = PBXProject;
			attributes = {
				LastUpgradeCheck = 0630;
				ORGANIZATIONNAME = YccTime;
				TargetAttributes = {
					505B92341B21714D0081196B = {
						CreatedOnToolsVersion = 6.3.2;
					};
					505B92501B21714D0081196B = {
						CreatedOnToolsVersion = 6.3.2;
						TestTargetID = 505B92341B21714D0081196B;
					};
				};
			};
			buildConfigurationList = 505B92301B21714D0081196B /* Build configuration list for PBXProject "ChatDemo" */;
			compatibilityVersion = "Xcode 3.2";
			developmentRegion = English;
			hasScannedForEncodings = 0;
			knownRegions = (
				en,
				Base,
			);
			mainGroup = 505B922C1B21714D0081196B;
			productRefGroup = 505B92361B21714D0081196B /* Products */;
			projectDirPath = "";
			projectRoot = "";
			targets = (
				505B92341B21714D0081196B /* ChatDemo */,
				505B92501B21714D0081196B /* ChatDemoTests */,
			);
		};
/* End PBXProject section */

/* Begin PBXResourcesBuildPhase section */
		505B92331B21714D0081196B /* Resources */ = {
			isa = PBXResourcesBuildPhase;
			buildActionMask = 2147483647;
			files = (
				506AB62D1B25828A00277710 /* Localizable.strings in Resources */,
				506AB62B1B25828A00277710 /* Images.xcassets in Resources */,
				506AB6281B25828A00277710 /* LaunchScreen.xib in Resources */,
				506AB6291B25828A00277710 /* Main.storyboard in Resources */,
			);
			runOnlyForDeploymentPostprocessing = 0;
		};
		505B924F1B21714D0081196B /* Resources */ = {
			isa = PBXResourcesBuildPhase;
			buildActionMask = 2147483647;
			files = (
			);
			runOnlyForDeploymentPostprocessing = 0;
		};
/* End PBXResourcesBuildPhase section */

/* Begin PBXSourcesBuildPhase section */
		505B92311B21714D0081196B /* Sources */ = {
			isa = PBXSourcesBuildPhase;
			buildActionMask = 2147483647;
			files = (
				505B92D81B21948C0081196B /* EmojiObj.m in Sources */,
				506AB6151B2528A300277710 /* NSManagedObject+Category.m in Sources */,
				505B92D71B21948C0081196B /* CommonEmoji.m in Sources */,
				506AB6141B2528A300277710 /* coreDBA.m in Sources */,
				505B92EA1B2194FD0081196B /* EmoTaxtAttachment.m in Sources */,
				505B92DA1B21948C0081196B /* ChatEmojiView.m in Sources */,
				5075CBFF1B267B9900544E41 /* UIView+Extensions.m in Sources */,
				505B92DB1B21948C0081196B /* EmojiButton.m in Sources */,
				505B92E11B21948C0081196B /* KeyBoardAnimationV.m in Sources */,
				506AB6361B25870900277710 /* Message.m in Sources */,
				505B92D61B21948C0081196B /* ChatEmojiIcons.m in Sources */,
				5075CBFE1B267B9900544E41 /* UIColor+Extension.m in Sources */,
				505B926F1B21739A0081196B /* AppDelegate.m in Sources */,
				505B92E21B21948C0081196B /* LYKeyBoardView.m in Sources */,
				505B92DD1B21948C0081196B /* IconButton.m in Sources */,
				505B92DC1B21948C0081196B /* EmojiScroll.m in Sources */,
				505B927C1B217C5D0081196B /* StartVC.m in Sources */,
				506AB63B1B2587EE00277710 /* ChatDemo.xcdatamodeld in Sources */,
				505B92DF1B21948C0081196B /* ChatOtherIconsView.m in Sources */,
				505B92E31B21948C0081196B /* LYTextView.m in Sources */,
				505B92D91B21948C0081196B /* PandaEmoji.m in Sources */,
				506AB62E1B25828A00277710 /* main.m in Sources */,
			);
			runOnlyForDeploymentPostprocessing = 0;
		};
		505B924D1B21714D0081196B /* Sources */ = {
			isa = PBXSourcesBuildPhase;
			buildActionMask = 2147483647;
			files = (
				505B92581B21714D0081196B /* ChatDemoTests.m in Sources */,
			);
			runOnlyForDeploymentPostprocessing = 0;
		};
/* End PBXSourcesBuildPhase section */

/* Begin PBXTargetDependency section */
		505B92531B21714D0081196B /* PBXTargetDependency */ = {
			isa = PBXTargetDependency;
			target = 505B92341B21714D0081196B /* ChatDemo */;
			targetProxy = 505B92521B21714D0081196B /* PBXContainerItemProxy */;
		};
/* End PBXTargetDependency section */

/* Begin PBXVariantGroup section */
		506AB61D1B25828A00277710 /* LaunchScreen.xib */ = {
			isa = PBXVariantGroup;
			children = (
				506AB61E1B25828A00277710 /* Base */,
			);
			name = LaunchScreen.xib;
			sourceTree = "<group>";
		};
		506AB61F1B25828A00277710 /* Main.storyboard */ = {
			isa = PBXVariantGroup;
			children = (
				506AB6201B25828A00277710 /* Base */,
			);
			name = Main.storyboard;
			sourceTree = "<group>";
		};
/* End PBXVariantGroup section */

/* Begin XCBuildConfiguration section */
		505B92591B21714D0081196B /* Debug */ = {
			isa = XCBuildConfiguration;
			buildSettings = {
				ALWAYS_SEARCH_USER_PATHS = NO;
				CLANG_CXX_LANGUAGE_STANDARD = "gnu++0x";
				CLANG_CXX_LIBRARY = "libc++";
				CLANG_ENABLE_MODULES = YES;
				CLANG_ENABLE_OBJC_ARC = YES;
				CLANG_WARN_BOOL_CONVERSION = YES;
				CLANG_WARN_CONSTANT_CONVERSION = YES;
				CLANG_WARN_DIRECT_OBJC_ISA_USAGE = YES_ERROR;
				CLANG_WARN_EMPTY_BODY = YES;
				CLANG_WARN_ENUM_CONVERSION = YES;
				CLANG_WARN_INT_CONVERSION = YES;
				CLANG_WARN_OBJC_ROOT_CLASS = YES_ERROR;
				CLANG_WARN_UNREACHABLE_CODE = YES;
				CLANG_WARN__DUPLICATE_METHOD_MATCH = YES;
				"CODE_SIGN_IDENTITY[sdk=iphoneos*]" = "iPhone Developer";
				COPY_PHASE_STRIP = NO;
				DEBUG_INFORMATION_FORMAT = "dwarf-with-dsym";
				ENABLE_STRICT_OBJC_MSGSEND = YES;
				GCC_C_LANGUAGE_STANDARD = gnu99;
				GCC_DYNAMIC_NO_PIC = NO;
				GCC_NO_COMMON_BLOCKS = YES;
				GCC_OPTIMIZATION_LEVEL = 0;
				GCC_PREPROCESSOR_DEFINITIONS = (
					"DEBUG=1",
					"$(inherited)",
				);
				GCC_SYMBOLS_PRIVATE_EXTERN = NO;
				GCC_WARN_64_TO_32_BIT_CONVERSION = YES;
				GCC_WARN_ABOUT_RETURN_TYPE = YES_ERROR;
				GCC_WARN_UNDECLARED_SELECTOR = YES;
				GCC_WARN_UNINITIALIZED_AUTOS = YES_AGGRESSIVE;
				GCC_WARN_UNUSED_FUNCTION = YES;
				GCC_WARN_UNUSED_VARIABLE = YES;
				IPHONEOS_DEPLOYMENT_TARGET = 8.0;
				MTL_ENABLE_DEBUG_INFO = YES;
				ONLY_ACTIVE_ARCH = YES;
				SDKROOT = iphoneos;
			};
			name = Debug;
		};
		505B925A1B21714D0081196B /* Release */ = {
			isa = XCBuildConfiguration;
			buildSettings = {
				ALWAYS_SEARCH_USER_PATHS = NO;
				CLANG_CXX_LANGUAGE_STANDARD = "gnu++0x";
				CLANG_CXX_LIBRARY = "libc++";
				CLANG_ENABLE_MODULES = YES;
				CLANG_ENABLE_OBJC_ARC = YES;
				CLANG_WARN_BOOL_CONVERSION = YES;
				CLANG_WARN_CONSTANT_CONVERSION = YES;
				CLANG_WARN_DIRECT_OBJC_ISA_USAGE = YES_ERROR;
				CLANG_WARN_EMPTY_BODY = YES;
				CLANG_WARN_ENUM_CONVERSION = YES;
				CLANG_WARN_INT_CONVERSION = YES;
				CLANG_WARN_OBJC_ROOT_CLASS = YES_ERROR;
				CLANG_WARN_UNREACHABLE_CODE = YES;
				CLANG_WARN__DUPLICATE_METHOD_MATCH = YES;
				"CODE_SIGN_IDENTITY[sdk=iphoneos*]" = "iPhone Developer";
				COPY_PHASE_STRIP = NO;
				DEBUG_INFORMATION_FORMAT = "dwarf-with-dsym";
				ENABLE_NS_ASSERTIONS = NO;
				ENABLE_STRICT_OBJC_MSGSEND = YES;
				GCC_C_LANGUAGE_STANDARD = gnu99;
				GCC_NO_COMMON_BLOCKS = YES;
				GCC_WARN_64_TO_32_BIT_CONVERSION = YES;
				GCC_WARN_ABOUT_RETURN_TYPE = YES_ERROR;
				GCC_WARN_UNDECLARED_SELECTOR = YES;
				GCC_WARN_UNINITIALIZED_AUTOS = YES_AGGRESSIVE;
				GCC_WARN_UNUSED_FUNCTION = YES;
				GCC_WARN_UNUSED_VARIABLE = YES;
				IPHONEOS_DEPLOYMENT_TARGET = 8.0;
				MTL_ENABLE_DEBUG_INFO = NO;
				SDKROOT = iphoneos;
				VALIDATE_PRODUCT = YES;
			};
			name = Release;
		};
		505B925C1B21714D0081196B /* Debug */ = {
			isa = XCBuildConfiguration;
			buildSettings = {
				ASSETCATALOG_COMPILER_APPICON_NAME = AppIcon;
				INFOPLIST_FILE = ChatDemo/Resource/Info.plist;
				IPHONEOS_DEPLOYMENT_TARGET = 8.0;
				LD_RUNPATH_SEARCH_PATHS = "$(inherited) @executable_path/Frameworks";
				PRODUCT_NAME = "$(TARGET_NAME)";
				TARGETED_DEVICE_FAMILY = 1;
			};
			name = Debug;
		};
		505B925D1B21714D0081196B /* Release */ = {
			isa = XCBuildConfiguration;
			buildSettings = {
				ASSETCATALOG_COMPILER_APPICON_NAME = AppIcon;
				INFOPLIST_FILE = ChatDemo/Resource/Info.plist;
				IPHONEOS_DEPLOYMENT_TARGET = 8.0;
				LD_RUNPATH_SEARCH_PATHS = "$(inherited) @executable_path/Frameworks";
				PRODUCT_NAME = "$(TARGET_NAME)";
				TARGETED_DEVICE_FAMILY = 1;
			};
			name = Release;
		};
		505B925F1B21714D0081196B /* Debug */ = {
			isa = XCBuildConfiguration;
			buildSettings = {
				BUNDLE_LOADER = "$(TEST_HOST)";
				FRAMEWORK_SEARCH_PATHS = (
					"$(SDKROOT)/Developer/Library/Frameworks",
					"$(inherited)",
				);
				GCC_PREPROCESSOR_DEFINITIONS = (
					"DEBUG=1",
					"$(inherited)",
				);
				INFOPLIST_FILE = ChatDemoTests/Info.plist;
				LD_RUNPATH_SEARCH_PATHS = "$(inherited) @executable_path/Frameworks @loader_path/Frameworks";
				PRODUCT_NAME = "$(TARGET_NAME)";
				TEST_HOST = "$(BUILT_PRODUCTS_DIR)/ChatDemo.app/ChatDemo";
			};
			name = Debug;
		};
		505B92601B21714D0081196B /* Release */ = {
			isa = XCBuildConfiguration;
			buildSettings = {
				BUNDLE_LOADER = "$(TEST_HOST)";
				FRAMEWORK_SEARCH_PATHS = (
					"$(SDKROOT)/Developer/Library/Frameworks",
					"$(inherited)",
				);
				INFOPLIST_FILE = ChatDemoTests/Info.plist;
				LD_RUNPATH_SEARCH_PATHS = "$(inherited) @executable_path/Frameworks @loader_path/Frameworks";
				PRODUCT_NAME = "$(TARGET_NAME)";
				TEST_HOST = "$(BUILT_PRODUCTS_DIR)/ChatDemo.app/ChatDemo";
			};
			name = Release;
		};
/* End XCBuildConfiguration section */

/* Begin XCConfigurationList section */
		505B92301B21714D0081196B /* Build configuration list for PBXProject "ChatDemo" */ = {
			isa = XCConfigurationList;
			buildConfigurations = (
				505B92591B21714D0081196B /* Debug */,
				505B925A1B21714D0081196B /* Release */,
			);
			defaultConfigurationIsVisible = 0;
			defaultConfigurationName = Release;
		};
		505B925B1B21714D0081196B /* Build configuration list for PBXNativeTarget "ChatDemo" */ = {
			isa = XCConfigurationList;
			buildConfigurations = (
				505B925C1B21714D0081196B /* Debug */,
				505B925D1B21714D0081196B /* Release */,
			);
			defaultConfigurationIsVisible = 0;
			defaultConfigurationName = Release;
		};
		505B925E1B21714D0081196B /* Build configuration list for PBXNativeTarget "ChatDemoTests" */ = {
			isa = XCConfigurationList;
			buildConfigurations = (
				505B925F1B21714D0081196B /* Debug */,
				505B92601B21714D0081196B /* Release */,
			);
			defaultConfigurationIsVisible = 0;
			defaultConfigurationName = Release;
		};
/* End XCConfigurationList section */

/* Begin XCVersionGroup section */
		506AB6391B2587EE00277710 /* ChatDemo.xcdatamodeld */ = {
			isa = XCVersionGroup;
			children = (
				506AB63A1B2587EE00277710 /* ChatDemo.xcdatamodel */,
			);
			currentVersion = 506AB63A1B2587EE00277710 /* ChatDemo.xcdatamodel */;
			path = ChatDemo.xcdatamodeld;
			sourceTree = "<group>";
			versionGroupType = wrapper.xcdatamodel;
		};
/* End XCVersionGroup section */
	};
	rootObject = 505B922D1B21714D0081196B /* Project object */;
}
